// !$*UTF8*$!
{
	archiveVersion = 1;
	classes = {
	};
	objectVersion = 50;
	objects = {

/* Begin PBXBuildFile section */
		F30179C6249BCC8F006FAEC7 /* AppDelegate.m in Sources */ = {isa = PBXBuildFile; fileRef = F30179C5249BCC8F006FAEC7 /* AppDelegate.m */; };
		F30179C9249BCC8F006FAEC7 /* SceneDelegate.m in Sources */ = {isa = PBXBuildFile; fileRef = F30179C8249BCC8F006FAEC7 /* SceneDelegate.m */; };
		F30179CF249BCC8F006FAEC7 /* Main.storyboard in Resources */ = {isa = PBXBuildFile; fileRef = F30179CD249BCC8F006FAEC7 /* Main.storyboard */; };
		F30179D1249BCC91006FAEC7 /* Assets.xcassets in Resources */ = {isa = PBXBuildFile; fileRef = F30179D0249BCC91006FAEC7 /* Assets.xcassets */; };
		F30179D4249BCC91006FAEC7 /* LaunchScreen.storyboard in Resources */ = {isa = PBXBuildFile; fileRef = F30179D2249BCC91006FAEC7 /* LaunchScreen.storyboard */; };
		F30179D7249BCC91006FAEC7 /* main.m in Sources */ = {isa = PBXBuildFile; fileRef = F30179D6249BCC91006FAEC7 /* main.m */; };
		F30179DF249BCF47006FAEC7 /* DMData.m in Sources */ = {isa = PBXBuildFile; fileRef = F30179DE249BCF47006FAEC7 /* DMData.m */; };
		F30179E3249BD604006FAEC7 /* DemoViewController.m in Sources */ = {isa = PBXBuildFile; fileRef = F30179E1249BD604006FAEC7 /* DemoViewController.m */; };
		F30179E4249BD604006FAEC7 /* DemoViewController.xib in Resources */ = {isa = PBXBuildFile; fileRef = F30179E2249BD604006FAEC7 /* DemoViewController.xib */; };
		F30179E7249BD8BD006FAEC7 /* DMDataSource.m in Sources */ = {isa = PBXBuildFile; fileRef = F30179E6249BD8BD006FAEC7 /* DMDataSource.m */; };
/* End PBXBuildFile section */

/* Begin PBXFileReference section */
		F30179C1249BCC8F006FAEC7 /* Demo5.app */ = {isa = PBXFileReference; explicitFileType = wrapper.application; includeInIndex = 0; path = Demo5.app; sourceTree = BUILT_PRODUCTS_DIR; };
		F30179C4249BCC8F006FAEC7 /* AppDelegate.h */ = {isa = PBXFileReference; lastKnownFileType = sourcecode.c.h; path = AppDelegate.h; sourceTree = "<group>"; };
		F30179C5249BCC8F006FAEC7 /* AppDelegate.m */ = {isa = PBXFileReference; lastKnownFileType = sourcecode.c.objc; path = AppDelegate.m; sourceTree = "<group>"; };
		F30179C7249BCC8F006FAEC7 /* SceneDelegate.h */ = {isa = PBXFileReference; lastKnownFileType = sourcecode.c.h; path = SceneDelegate.h; sourceTree = "<group>"; };
		F30179C8249BCC8F006FAEC7 /* SceneDelegate.m */ = {isa = PBXFileReference; lastKnownFileType = sourcecode.c.objc; path = SceneDelegate.m; sourceTree = "<group>"; };
		F30179CE249BCC8F006FAEC7 /* Base */ = {isa = PBXFileReference; lastKnownFileType = file.storyboard; name = Base; path = Base.lproj/Main.storyboard; sourceTree = "<group>"; };
		F30179D0249BCC91006FAEC7 /* Assets.xcassets */ = {isa = PBXFileReference; lastKnownFileType = folder.assetcatalog; path = Assets.xcassets; sourceTree = "<group>"; };
		F30179D3249BCC91006FAEC7 /* Base */ = {isa = PBXFileReference; lastKnownFileType = file.storyboard; name = Base; path = Base.lproj/LaunchScreen.storyboard; sourceTree = "<group>"; };
		F30179D5249BCC91006FAEC7 /* Info.plist */ = {isa = PBXFileReference; lastKnownFileType = text.plist.xml; path = Info.plist; sourceTree = "<group>"; };
		F30179D6249BCC91006FAEC7 /* main.m */ = {isa = PBXFileReference; lastKnownFileType = sourcecode.c.objc; path = main.m; sourceTree = "<group>"; };
		F30179DD249BCF47006FAEC7 /* DMData.h */ = {isa = PBXFileReference; lastKnownFileType = sourcecode.c.h; path = DMData.h; sourceTree = "<group>"; };
		F30179DE249BCF47006FAEC7 /* DMData.m */ = {isa = PBXFileReference; lastKnownFileType = sourcecode.c.objc; path = DMData.m; sourceTree = "<group>"; };
		F30179E0249BD604006FAEC7 /* DemoViewController.h */ = {isa = PBXFileReference; lastKnownFileType = sourcecode.c.h; path = DemoViewController.h; sourceTree = "<group>"; };
		F30179E1249BD604006FAEC7 /* DemoViewController.m */ = {isa = PBXFileReference; lastKnownFileType = sourcecode.c.objc; path = DemoViewController.m; sourceTree = "<group>"; };
		F30179E2249BD604006FAEC7 /* DemoViewController.xib */ = {isa = PBXFileReference; lastKnownFileType = file.xib; path = DemoViewController.xib; sourceTree = "<group>"; };
		F30179E5249BD8BD006FAEC7 /* DMDataSource.h */ = {isa = PBXFileReference; lastKnownFileType = sourcecode.c.h; path = DMDataSource.h; sourceTree = "<group>"; };
		F30179E6249BD8BD006FAEC7 /* DMDataSource.m */ = {isa = PBXFileReference; lastKnownFileType = sourcecode.c.objc; path = DMDataSource.m; sourceTree = "<group>"; };
/* End PBXFileReference section */

/* Begin PBXFrameworksBuildPhase section */
		F30179BE249BCC8F006FAEC7 /* Frameworks */ = {
			isa = PBXFrameworksBuildPhase;
			buildActionMask = 2147483647;
			files = (
			);
			runOnlyForDeploymentPostprocessing = 0;
		};
/* End PBXFrameworksBuildPhase section */

/* Begin PBXGroup section */
		F30179B8249BCC8F006FAEC7 = {
			isa = PBXGroup;
			children = (
				F30179C3249BCC8F006FAEC7 /* Demo5 */,
				F30179C2249BCC8F006FAEC7 /* Products */,
			);
			sourceTree = "<group>";
		};
		F30179C2249BCC8F006FAEC7 /* Products */ = {
			isa = PBXGroup;
			children = (
				F30179C1249BCC8F006FAEC7 /* Demo5.app */,
			);
			name = Products;
			sourceTree = "<group>";
		};
		F30179C3249BCC8F006FAEC7 /* Demo5 */ = {
			isa = PBXGroup;
			children = (
				F30179C4249BCC8F006FAEC7 /* AppDelegate.h */,
				F30179C5249BCC8F006FAEC7 /* AppDelegate.m */,
				F30179C7249BCC8F006FAEC7 /* SceneDelegate.h */,
				F30179C8249BCC8F006FAEC7 /* SceneDelegate.m */,
				F30179E0249BD604006FAEC7 /* DemoViewController.h */,
				F30179E1249BD604006FAEC7 /* DemoViewController.m */,
				F30179E2249BD604006FAEC7 /* DemoViewController.xib */,
				F30179E5249BD8BD006FAEC7 /* DMDataSource.h */,
				F30179E6249BD8BD006FAEC7 /* DMDataSource.m */,
				F30179DD249BCF47006FAEC7 /* DMData.h */,
				F30179DE249BCF47006FAEC7 /* DMData.m */,
				F30179CD249BCC8F006FAEC7 /* Main.storyboard */,
				F30179D0249BCC91006FAEC7 /* Assets.xcassets */,
				F30179D2249BCC91006FAEC7 /* LaunchScreen.storyboard */,
				F30179D5249BCC91006FAEC7 /* Info.plist */,
				F30179D6249BCC91006FAEC7 /* main.m */,
			);
			path = Demo5;
			sourceTree = "<group>";
		};
/* End PBXGroup section */

/* Begin PBXNativeTarget section */
		F30179C0249BCC8F006FAEC7 /* Demo5 */ = {
			isa = PBXNativeTarget;
			buildConfigurationList = F30179DA249BCC91006FAEC7 /* Build configuration list for PBXNativeTarget "Demo5" */;
			buildPhases = (
				F30179BD249BCC8F006FAEC7 /* Sources */,
				F30179BE249BCC8F006FAEC7 /* Frameworks */,
				F30179BF249BCC8F006FAEC7 /* Resources */,
			);
			buildRules = (
			);
			dependencies = (
			);
			name = Demo5;
			productName = Demo5;
			productReference = F30179C1249BCC8F006FAEC7 /* Demo5.app */;
			productType = "com.apple.product-type.application";
		};
/* End PBXNativeTarget section */

/* Begin PBXProject section */
		F30179B9249BCC8F006FAEC7 /* Project object */ = {
			isa = PBXProject;
			attributes = {
				LastUpgradeCheck = 1150;
				ORGANIZATIONNAME = "Alexander Porshnev";
				TargetAttributes = {
					F30179C0249BCC8F006FAEC7 = {
						CreatedOnToolsVersion = 11.5;
					};
				};
			};
			buildConfigurationList = F30179BC249BCC8F006FAEC7 /* Build configuration list for PBXProject "Demo5" */;
			compatibilityVersion = "Xcode 9.3";
			developmentRegion = en;
			hasScannedForEncodings = 0;
			knownRegions = (
				en,
				Base,
			);
			mainGroup = F30179B8249BCC8F006FAEC7;
			productRefGroup = F30179C2249BCC8F006FAEC7 /* Products */;
			projectDirPath = "";
			projectRoot = "";
			targets = (
				F30179C0249BCC8F006FAEC7 /* Demo5 */,
			);
		};
/* End PBXProject section */

/* Begin PBXResourcesBuildPhase section */
		F30179BF249BCC8F006FAEC7 /* Resources */ = {
			isa = PBXResourcesBuildPhase;
			buildActionMask = 2147483647;
			files = (
				F30179D4249BCC91006FAEC7 /* LaunchScreen.storyboard in Resources */,
				F30179D1249BCC91006FAEC7 /* Assets.xcassets in Resources */,
				F30179CF249BCC8F006FAEC7 /* Main.storyboard in Resources */,
				F30179E4249BD604006FAEC7 /* DemoViewController.xib in Resources */,
			);
			runOnlyForDeploymentPostprocessing = 0;
		};
/* End PBXResourcesBuildPhase section */

/* Begin PBXSourcesBuildPhase section */
		F30179BD249BCC8F006FAEC7 /* Sources */ = {
			isa = PBXSourcesBuildPhase;
			buildActionMask = 2147483647;
			files = (
				F30179C6249BCC8F006FAEC7 /* AppDelegate.m in Sources */,
				F30179E7249BD8BD006FAEC7 /* DMDataSource.m in Sources */,
				F30179D7249BCC91006FAEC7 /* main.m in Sources */,
				F30179E3249BD604006FAEC7 /* DemoViewController.m in Sources */,
				F30179DF249BCF47006FAEC7 /* DMData.m in Sources */,
				F30179C9249BCC8F006FAEC7 /* SceneDelegate.m in Sources */,
			);
			runOnlyForDeploymentPostprocessing = 0;
		};
/* End PBXSourcesBuildPhase section */

/* Begin PBXVariantGroup section */
		F30179CD249BCC8F006FAEC7 /* Main.storyboard */ = {
			isa = PBXVariantGroup;
			children = (
				F30179CE249BCC8F006FAEC7 /* Base */,
			);
			name = Main.storyboard;
			sourceTree = "<group>";
		};
		F30179D2249BCC91006FAEC7 /* LaunchScreen.storyboard */ = {
			isa = PBXVariantGroup;
			children = (
				F30179D3249BCC91006FAEC7 /* Base */,
			);
			name = LaunchScreen.storyboard;
			sourceTree = "<group>";
		};
/* End PBXVariantGroup section */

/* Begin XCBuildConfiguration section */
		F30179D8249BCC91006FAEC7 /* Debug */ = {
			isa = XCBuildConfiguration;
			buildSettings = {
				ALWAYS_SEARCH_USER_PATHS = NO;
				CLANG_ANALYZER_NONNULL = YES;
				CLANG_ANALYZER_NUMBER_OBJECT_CONVERSION = YES_AGGRESSIVE;
				CLANG_CXX_LANGUAGE_STANDARD = "gnu++14";
				CLANG_CXX_LIBRARY = "libc++";
				CLANG_ENABLE_MODULES = YES;
				CLANG_ENABLE_OBJC_ARC = YES;
				CLANG_ENABLE_OBJC_WEAK = YES;
				CLANG_WARN_BLOCK_CAPTURE_AUTORELEASING = YES;
				CLANG_WARN_BOOL_CONVERSION = YES;
				CLANG_WARN_COMMA = YES;
				CLANG_WARN_CONSTANT_CONVERSION = YES;
				CLANG_WARN_DEPRECATED_OBJC_IMPLEMENTATIONS = YES;
				CLANG_WARN_DIRECT_OBJC_ISA_USAGE = YES_ERROR;
				CLANG_WARN_DOCUMENTATION_COMMENTS = YES;
				CLANG_WARN_EMPTY_BODY = YES;
				CLANG_WARN_ENUM_CONVERSION = YES;
				CLANG_WARN_INFINITE_RECURSION = YES;
				CLANG_WARN_INT_CONVERSION = YES;
				CLANG_WARN_NON_LITERAL_NULL_CONVERSION = YES;
				CLANG_WARN_OBJC_IMPLICIT_RETAIN_SELF = YES;
				CLANG_WARN_OBJC_LITERAL_CONVERSION = YES;
				CLANG_WARN_OBJC_ROOT_CLASS = YES_ERROR;
				CLANG_WARN_RANGE_LOOP_ANALYSIS = YES;
				CLANG_WARN_STRICT_PROTOTYPES = YES;
				CLANG_WARN_SUSPICIOUS_MOVE = YES;
				CLANG_WARN_UNGUARDED_AVAILABILITY = YES_AGGRESSIVE;
				CLANG_WARN_UNREACHABLE_CODE = YES;
				CLANG_WARN__DUPLICATE_METHOD_MATCH = YES;
				COPY_PHASE_STRIP = NO;
				DEBUG_INFORMATION_FORMAT = dwarf;
				ENABLE_STRICT_OBJC_MSGSEND = YES;
				ENABLE_TESTABILITY = YES;
				GCC_C_LANGUAGE_STANDARD = gnu11;
				GCC_DYNAMIC_NO_PIC = NO;
				GCC_NO_COMMON_BLOCKS = YES;
				GCC_OPTIMIZATION_LEVEL = 0;
				GCC_PREPROCESSOR_DEFINITIONS = (
					"DEBUG=1",
					"$(inherited)",
				);
				GCC_WARN_64_TO_32_BIT_CONVERSION = YES;
				GCC_WARN_ABOUT_RETURN_TYPE = YES_ERROR;
				GCC_WARN_UNDECLARED_SELECTOR = YES;
				GCC_WARN_UNINITIALIZED_AUTOS = YES_AGGRESSIVE;
				GCC_WARN_UNUSED_FUNCTION = YES;
				GCC_WARN_UNUSED_VARIABLE = YES;
				IPHONEOS_DEPLOYMENT_TARGET = 13.5;
				MTL_ENABLE_DEBUG_INFO = INCLUDE_SOURCE;
				MTL_FAST_MATH = YES;
				ONLY_ACTIVE_ARCH = YES;
				SDKROOT = iphoneos;
			};
			name = Debug;
		};
		F30179D9249BCC91006FAEC7 /* Release */ = {
			isa = XCBuildConfiguration;
			buildSettings = {
				ALWAYS_SEARCH_USER_PATHS = NO;
				CLANG_ANALYZER_NONNULL = YES;
				CLANG_ANALYZER_NUMBER_OBJECT_CONVERSION = YES_AGGRESSIVE;
				CLANG_CXX_LANGUAGE_STANDARD = "gnu++14";
				CLANG_CXX_LIBRARY = "libc++";
				CLANG_ENABLE_MODULES = YES;
				CLANG_ENABLE_OBJC_ARC = YES;
				CLANG_ENABLE_OBJC_WEAK = YES;
				CLANG_WARN_BLOCK_CAPTURE_AUTORELEASING = YES;
				CLANG_WARN_BOOL_CONVERSION = YES;
				CLANG_WARN_COMMA = YES;
				CLANG_WARN_CONSTANT_CONVERSION = YES;
				CLANG_WARN_DEPRECATED_OBJC_IMPLEMENTATIONS = YES;
				CLANG_WARN_DIRECT_OBJC_ISA_USAGE = YES_ERROR;
				CLANG_WARN_DOCUMENTATION_COMMENTS = YES;
				CLANG_WARN_EMPTY_BODY = YES;
				CLANG_WARN_ENUM_CONVERSION = YES;
				CLANG_WARN_INFINITE_RECURSION = YES;
				CLANG_WARN_INT_CONVERSION = YES;
				CLANG_WARN_NON_LITERAL_NULL_CONVERSION = YES;
				CLANG_WARN_OBJC_IMPLICIT_RETAIN_SELF = YES;
				CLANG_WARN_OBJC_LITERAL_CONVERSION = YES;
				CLANG_WARN_OBJC_ROOT_CLASS = YES_ERROR;
				CLANG_WARN_RANGE_LOOP_ANALYSIS = YES;
				CLANG_WARN_STRICT_PROTOTYPES = YES;
				CLANG_WARN_SUSPICIOUS_MOVE = YES;
				CLANG_WARN_UNGUARDED_AVAILABILITY = YES_AGGRESSIVE;
				CLANG_WARN_UNREACHABLE_CODE = YES;
				CLANG_WARN__DUPLICATE_METHOD_MATCH = YES;
				COPY_PHASE_STRIP = NO;
				DEBUG_INFORMATION_FORMAT = "dwarf-with-dsym";
				ENABLE_NS_ASSERTIONS = NO;
				ENABLE_STRICT_OBJC_MSGSEND = YES;
				GCC_C_LANGUAGE_STANDARD = gnu11;
				GCC_NO_COMMON_BLOCKS = YES;
				GCC_WARN_64_TO_32_BIT_CONVERSION = YES;
				GCC_WARN_ABOUT_RETURN_TYPE = YES_ERROR;
				GCC_WARN_UNDECLARED_SELECTOR = YES;
				GCC_WARN_UNINITIALIZED_AUTOS = YES_AGGRESSIVE;
				GCC_WARN_UNUSED_FUNCTION = YES;
				GCC_WARN_UNUSED_VARIABLE = YES;
				IPHONEOS_DEPLOYMENT_TARGET = 13.5;
				MTL_ENABLE_DEBUG_INFO = NO;
				MTL_FAST_MATH = YES;
				SDKROOT = iphoneos;
				VALIDATE_PRODUCT = YES;
			};
			name = Release;
		};
		F30179DB249BCC91006FAEC7 /* Debug */ = {
			isa = XCBuildConfiguration;
			buildSettings = {
				ASSETCATALOG_COMPILER_APPICON_NAME = AppIcon;
				CODE_SIGN_STYLE = Automatic;
				DEVELOPMENT_TEAM = 9S7C5C9KTS;
				INFOPLIST_FILE = Demo5/Info.plist;
				LD_RUNPATH_SEARCH_PATHS = (
					"$(inherited)",
					"@executable_path/Frameworks",
				);
				PRODUCT_BUNDLE_IDENTIFIER = by.demo.test.Demo5;
				PRODUCT_NAME = "$(TARGET_NAME)";
				TARGETED_DEVICE_FAMILY = "1,2";
			};
			name = Debug;
		};
		F30179DC249BCC91006FAEC7 /* Release */ = {
			isa = XCBuildConfiguration;
			buildSettings = {
				ASSETCATALOG_COMPILER_APPICON_NAME = AppIcon;
				CODE_SIGN_STYLE = Automatic;
				DEVELOPMENT_TEAM = 9S7C5C9KTS;
				INFOPLIST_FILE = Demo5/Info.plist;
				LD_RUNPATH_SEARCH_PATHS = (
					"$(inherited)",
					"@executable_path/Frameworks",
				);
				PRODUCT_BUNDLE_IDENTIFIER = by.demo.test.Demo5;
				PRODUCT_NAME = "$(TARGET_NAME)";
				TARGETED_DEVICE_FAMILY = "1,2";
			};
			name = Release;
		};
/* End XCBuildConfiguration section */

/* Begin XCConfigurationList section */
		F30179BC249BCC8F006FAEC7 /* Build configuration list for PBXProject "Demo5" */ = {
			isa = XCConfigurationList;
			buildConfigurations = (
				F30179D8249BCC91006FAEC7 /* Debug */,
				F30179D9249BCC91006FAEC7 /* Release */,
			);
			defaultConfigurationIsVisible = 0;
			defaultConfigurationName = Release;
		};
		F30179DA249BCC91006FAEC7 /* Build configuration list for PBXNativeTarget "Demo5" */ = {
			isa = XCConfigurationList;
			buildConfigurations = (
				F30179DB249BCC91006FAEC7 /* Debug */,
				F30179DC249BCC91006FAEC7 /* Release */,
			);
			defaultConfigurationIsVisible = 0;
			defaultConfigurationName = Release;
		};
/* End XCConfigurationList section */
	};
	rootObject = F30179B9249BCC8F006FAEC7 /* Project object */;
}
